
Microsoft Visual Studio Solution File, Format Version 12.00
# Visual Studio Version 16
VisualStudioVersion = 16.0.30907.101
MinimumVisualStudioVersion = 10.0.40219.1
Project("{9A19103F-16F7-4668-BE54-9A1E7A4F7556}") = "Entities", "Entities\Entities.csproj", "{7F46865B-C46B-4D51-A101-EDD86C42FA30}"
EndProject
Project("{9A19103F-16F7-4668-BE54-9A1E7A4F7556}") = "DataAccess", "DataAccess\DataAccess.csproj", "{837642EB-7BF1-4473-8617-A64CB8916F6C}"
EndProject
Project("{9A19103F-16F7-4668-BE54-9A1E7A4F7556}") = "Business", "Business\Business.csproj", "{6BBD1F49-F032-4932-9978-179F636656D8}"
EndProject
Project("{9A19103F-16F7-4668-BE54-9A1E7A4F7556}") = "ConsoleUI", "ConsoleUI\ConsoleUI.csproj", "{587C3F44-3A6D-4099-B59D-966BF05F409A}"
EndProject
Project("{9A19103F-16F7-4668-BE54-9A1E7A4F7556}") = "Core", "Core\Core.csproj", "{28DA26B6-2762-4445-B66B-2053BF53502C}"
EndProject
Global
	GlobalSection(SolutionConfigurationPlatforms) = preSolution
		Debug|Any CPU = Debug|Any CPU
		Release|Any CPU = Release|Any CPU
	EndGlobalSection
	GlobalSection(ProjectConfigurationPlatforms) = postSolution
		{7F46865B-C46B-4D51-A101-EDD86C42FA30}.Debug|Any CPU.ActiveCfg = Debug|Any CPU
		{7F46865B-C46B-4D51-A101-EDD86C42FA30}.Debug|Any CPU.Build.0 = Debug|Any CPU
		{7F46865B-C46B-4D51-A101-EDD86C42FA30}.Release|Any CPU.ActiveCfg = Release|Any CPU
		{7F46865B-C46B-4D51-A101-EDD86C42FA30}.Release|Any CPU.Build.0 = Release|Any CPU
		{837642EB-7BF1-4473-8617-A64CB8916F6C}.Debug|Any CPU.ActiveCfg = Debug|Any CPU
		{837642EB-7BF1-4473-8617-A64CB8916F6C}.Debug|Any CPU.Build.0 = Debug|Any CPU
		{837642EB-7BF1-4473-8617-A64CB8916F6C}.Release|Any CPU.ActiveCfg = Release|Any CPU
		{837642EB-7BF1-4473-8617-A64CB8916F6C}.Release|Any CPU.Build.0 = Release|Any CPU
		{6BBD1F49-F032-4932-9978-179F636656D8}.Debug|Any CPU.ActiveCfg = Debug|Any CPU
		{6BBD1F49-F032-4932-9978-179F636656D8}.Debug|Any CPU.Build.0 = Debug|Any CPU
		{6BBD1F49-F032-4932-9978-179F636656D8}.Release|Any CPU.ActiveCfg = Release|Any CPU
		{6BBD1F49-F032-4932-9978-179F636656D8}.Release|Any CPU.Build.0 = Release|Any CPU
		{587C3F44-3A6D-4099-B59D-966BF05F409A}.Debug|Any CPU.ActiveCfg = Debug|Any CPU
		{587C3F44-3A6D-4099-B59D-966BF05F409A}.Debug|Any CPU.Build.0 = Debug|Any CPU
		{587C3F44-3A6D-4099-B59D-966BF05F409A}.Release|Any CPU.ActiveCfg = Release|Any CPU
		{587C3F44-3A6D-4099-B59D-966BF05F409A}.Release|Any CPU.Build.0 = Release|Any CPU
		{28DA26B6-2762-4445-B66B-2053BF53502C}.Debug|Any CPU.ActiveCfg = Debug|Any CPU
		{28DA26B6-2762-4445-B66B-2053BF53502C}.Debug|Any CPU.Build.0 = Debug|Any CPU
		{28DA26B6-2762-4445-B66B-2053BF53502C}.Release|Any CPU.ActiveCfg = Release|Any CPU
		{28DA26B6-2762-4445-B66B-2053BF53502C}.Release|Any CPU.Build.0 = Release|Any CPU
	EndGlobalSection
	GlobalSection(SolutionProperties) = preSolution
		HideSolutionNode = FALSE
	EndGlobalSection
	GlobalSection(ExtensibilityGlobals) = postSolution
		SolutionGuid = {E63222F3-E560-4E82-A30C-ED19A5678969}
	EndGlobalSection
EndGlobal
